github.com/boj/redistore v0.0.0-20170419030511-4562487a4bee h1:RcdPlP9DKL8cvgNmxDfDRtJfZPjdQ3S1y1b+oergZno=
github.com/boj/redistore v0.0.0-20170419030511-4562487a4bee/go.mod h1:5r9chGCb4uUhBCGMDDCYfyHU/awSRoBeG53Zaj1crhU=
github.com/davecgh/go-spew v1.1.0 h1:ZDRjVQ15GmhC3fiQ8ni8+OwkZQO4DARzQgrnXU1Liz8=
github.com/davecgh/go-spew v1.1.0/go.mod h1:J7Y8YcW2NihsgmVo/mv3lAwl/skON4iLHjSsI+c5H38=
github.com/deepzz0/logd v0.0.0-20171206094927-f91dd8c6316f h1:hjWy8ptp0ggYgv/3A8dixSB9KTRgDcZH2D3Ap5hrwOs=
github.com/deepzz0/logd v0.0.0-20171206094927-f91dd8c6316f/go.mod h1:8jMj6ab9czIU5udq3ovaK9/5sCIyQ1JWteFMn8w2QRI=
github.com/eiblog/blackfriday v0.0.0-20161010144836-c0ec111761ae/go.mod h1:HzHqTCGEAkSSzBM3shBvQHsHRQYUvjNOIC4mHipZ6tI=
github.com/eiblog/utils v0.0.0-20171127072154-e8f16268dae9/go.mod h1:mZHWnipRp41yw/rti2DgpbMiBE5i6ifqg7PKooEwRh4=
github.com/garyburd/redigo v1.5.0 h1:OcZhiwwjKtBe7TO4TlXpj/1E3I2RVg1uLxwMT4VFF5w=
github.com/garyburd/redigo v1.5.0/go.mod h1:NR3MbYisc3/PwhQ00EMzDiPmrwpPxAn5GI05/YaO1SY=
github.com/gin-gonic/autotls v0.0.0-20170916165415-8ca25fbde72b h1:fqwJuRb/QsZI+mffad7NWac4JwCC4yQ7fjJAwJUYYxY=
github.com/gin-gonic/autotls v0.0.0-20170916165415-8ca25fbde72b/go.mod h1:vwfeXwKgEIWq63oVfwaBjoByS4dZzYbHHROHjV4IjNY=
github.com/gin-gonic/contrib v0.0.0-20180104052136-88aede40372d h1:+7ys3sGjHT8YA425Xcu4bcbE5JTo6so4tuVOu+osu+E=
github.com/gin-gonic/contrib v0.0.0-20180104052136-88aede40372d/go.mod h1:iqneQ2Df3omzIVTkIfn7c1acsVnMGiSLn4XF5Blh3Yg=
github.com/gin-gonic/gin v1.1.4 h1:XLaCFbU39SSGRQrEeP7Z7mM3lvRqC4vE5tEaVdLDdSE=
github.com/gin-gonic/gin v1.1.4/go.mod h1:7cKuhb5qV2ggCFctp2fJQ+ErvciLZrIeoOSOm6mUr7Y=
github.com/golang/protobuf v0.0.0-20160106020635-2402d76f3d41 h1:BIDtr9YECqqvixqxNnfN1Dp4dlRZB2nS68tywI+YZj4=
github.com/golang/protobuf v0.0.0-20160106020635-2402d76f3d41/go.mod h1:6lQm79b+lXiMfvg/cZm0SGofjICqVBUtrP5yJMmIC1U=
github.com/gorilla/context v1.1.1 h1:AWwleXJkX/nhcU9bZSnZoi3h/qGYqQAGhq6zZe/aQW8=
github.com/gorilla/context v1.1.1/go.mod h1:kBGZzfjB9CEq2AlWe17Uuf7NDRt0dE0s8S51q0aT7Yg=
github.com/gorilla/securecookie v1.1.1 h1:miw7JPhV+b/lAHSXz4qd/nN9jRiAFV5FwjeKyCS8BvQ=
github.com/gorilla/securecookie v1.1.1/go.mod h1:ra0sb63/xPlUeL+yeDciTfxMRAA+MP+HVt/4epWDjd4=
github.com/gorilla/sessions v0.0.0-20171008214740-a3acf13e802c h1:rgwPUcjaIsihgglIUgzHzY3ZcAFWCqzXGJP0D87BBkc=
github.com/gorilla/sessions v0.0.0-20171008214740-a3acf13e802c/go.mod h1:+WVp8kdw6VhyKExm03PAMRn2ZxnPtm58pV0dBVPdhHE=
github.com/manucorporat/sse v0.0.0-20160126180136-ee05b128a739 h1:ykXz+pRRTibcSjG1yRhpdSHInF8yZY/mfn+Rz2Nd1rE=
github.com/manucorporat/sse v0.0.0-20160126180136-ee05b128a739/go.mod h1:zUx1mhth20V3VKgL5jbd1BSQcW4Fy6Qs4PZvQwRFwzM=
github.com/mattn/go-isatty v0.0.4 h1:bnP0vzxcAdeI1zdubAl5PjU6zsERjGZb7raWodagDYs=
github.com/mattn/go-isatty v0.0.4/go.mod h1:M+lRXTBqGeGNdLjl/ufCoiOlB5xdOkqRJdNxMWT7Zi4=
github.com/pmezard/go-difflib v1.0.0 h1:4DBwDE0NGyQoBHbLQYPwSUPoCMWR5BEzIk/f1lZbAQM=
github.com/pmezard/go-difflib v1.0.0/go.mod h1:iKH77koFhYxTK1pcRnkKkqfTogsbg7gZNVY4sRDYZ/4=
github.com/qiniu/api.v7 v7.2.4-0.20171103015959-b7c7d6a2ce0a+incompatible h1:sUPgv+bd7kMK8aB6R/y7H+L4mEFogMmL6mY9jLFDQm0=
github.com/qiniu/api.v7 v7.2.4-0.20171103015959-b7c7d6a2ce0a+incompatible/go.mod h1:V8/EzlTgLN6q0s0CJmg/I81ytsvldSF22F7h6MI02+c=
github.com/qiniu/x v0.0.0-20150721034113-f512abcf45ab h1:LoiKx8URJLymdfVAtTDfuSG24co0WdQi5WuNVljsF90=
github.com/qiniu/x v0.0.0-20150721034113-f512abcf45ab/go.mod h1:KpRKWYG/GaidPQVpoQ2Cvuvtts3gYnoo2PftgdmAiU4=
github.com/shurcooL/sanitized_anchor_name v0.0.0-20170918181015-86672fcb3f95 h1:/vdW8Cb7EXrkqWGufVMES1OH2sU9gKVb2n9/1y5NMBY=
github.com/shurcooL/sanitized_anchor_name v0.0.0-20170918181015-86672fcb3f95/go.mod h1:1NzhyTcUVG4SuEtjjoZeVRXNmyL/1OwPU0+IJeTBvfc=
github.com/stretchr/objx v0.1.0/go.mod h1:HFkY916IF+rwdDfMAkV7OtwuqBVzrE8GR6GFx+wExME=
github.com/stretchr/testify v1.7.0 h1:nwc3DEeHmmLAfoZucVR881uASk0Mfjw8xYJ99tb5CcY=
github.com/stretchr/testify v1.7.0/go.mod h1:6Fq8oRcR53rry900zMqJjRRixrwX3KX962/h/Wwjteg=
golang.org/x/crypto v0.0.0-20180112200814-13931e22f9e7 h1:bRxAJcr/ZrJIZeEC8Bv1hjCWUfDzHzppUajRw7oCDEY=
golang.org/x/crypto v0.0.0-20180112200814-13931e22f9e7/go.mod h1:6SG95UA2DQfeDnfUPMdvaQW0Q7yPrPDi9nlGo2tz2b4=
golang.org/x/net v0.0.0-20160126033523-f315505cf334 h1:TUmEkOSSnKLH69ouTtjMxfkRrhs65JmJ61O6KjDVgPg=
golang.org/x/net v0.0.0-20160126033523-f315505cf334/go.mod h1:mL1N/T3taQHkDXs73rZJwtUhF3w3ftmwwsq0BUmARs4=
golang.org/x/sys v0.0.0-20180110071738-810d70003458 h1:LxHhdl2QyUWWmk4/68EC97b7vJkXVYf7T1LgyqONcC8=
golang.org/x/sys v0.0.0-20180110071738-810d70003458/go.mod h1:STP8DvDyc/dI5b8T5hshtkjS+E42TnysNCUPdjciGhY=
gopkg.in/check.v1 v0.0.0-20161208181325-20d25e280405/go.mod h1:Co6ibVJAznAaIkqp8huTwlJQCZ016jof/cbN4VW5Yz0=
gopkg.in/go-playground/validator.v8 v8.15.1 h1:IrBBTcgklCPw+7tjCGdAErvsk+44VaIeS/4T1utPQ+I=
gopkg.in/go-playground/validator.v8 v8.15.1/go.mod h1:RX2a/7Ha8BgOhfk7j780h4/u/RRjR0eouCJSH80/M2Y=
gopkg.in/mgo.v2 v2.0.0-20160818020120-3f83fa500528 h1:/saqWwm73dLmuzbNhe92F0QsZ/KiFND+esHco2v1hiY=
gopkg.in/mgo.v2 v2.0.0-20160818020120-3f83fa500528/go.mod h1:yeKp02qBN3iKW1OzL3MGk2IdtZzaj7SFntXj72NppTA=
gopkg.in/yaml.v2 v2.0.0 h1:uUkhRGrsEyx/laRdeS6YIQKIys8pg+lRSRdVMTYjivs=
gopkg.in/yaml.v2 v2.0.0/go.mod h1:JAlM8MvJe8wmxCU4Bli9HhUf9+ttbYbLASfIpnQbh74=
gopkg.in/yaml.v3 v3.0.0-20200313102051-9f266ea9e77c h1:dUUwHk2QECo/6vqA44rthZ8ie2QXMNeKRTHCNY2nXvo=
gopkg.in/yaml.v3 v3.0.0-20200313102051-9f266ea9e77c/go.mod h1:K4uyk7z7BCEPqu6E+C64Yfv1cQ7kz7rIZviUmN+EgEM=
qiniupkg.com/x v1.7.8 h1:kng8mO9Ye/Rpa8xQeQMs86cZTBboyO+weN3DWBPCBDs=
qiniupkg.com/x v1.7.8/go.mod h1:6sLxR5IZ03vMaRAQAY/5MvzofeoBIjO4XE0Njv6V1ms=
